
Microsoft Visual Studio Solution File, Format Version 12.00
Project("{FAE04EC0-301F-11D3-BF4B-00C04F79EFBC}") = "Lesson01.BinaryGap", "Lesson01.BinaryGap\Lesson01.BinaryGap.csproj", "{971A5D65-7942-42DD-8CA1-19436A959C58}"
EndProject
Project("{FAE04EC0-301F-11D3-BF4B-00C04F79EFBC}") = "Lesson01.BinaryGap.Tests", "Lesson01.BinaryGap.Tests\Lesson01.BinaryGap.Tests.csproj", "{88E45040-1AA1-4F48-BE0C-DAAE7D705B56}"
EndProject
Project("{FAE04EC0-301F-11D3-BF4B-00C04F79EFBC}") = "Lesson02.OddOccurrencesInArray", "Lesson02.OddOccurrencesInArray\Lesson02.OddOccurrencesInArray.csproj", "{59138701-6036-4E2C-B8DD-0896DF6D9A58}"
EndProject
Project("{FAE04EC0-301F-11D3-BF4B-00C04F79EFBC}") = "Lesson02.OddOccurrencesInArray.Tests", "Lesson02.OddOccurrencesInArray.Tests\Lesson02.OddOccurrencesInArray.Tests.csproj", "{3EC54067-B0A3-4A97-AD41-DC19C6F3A73C}"
EndProject
Project("{FAE04EC0-301F-11D3-BF4B-00C04F79EFBC}") = "Lesson02.CyclicRotation", "Lesson02.CyclicRotation\Lesson02.CyclicRotation.csproj", "{4E302B48-6AEC-4691-A6FD-00C4772911CC}"
EndProject
Project("{FAE04EC0-301F-11D3-BF4B-00C04F79EFBC}") = "Lesson02.CyclicRotation.Tests", "Lesson02.CyclicRotation.Tests\Lesson02.CyclicRotation.Tests.csproj", "{D0629EAE-0543-4861-ADB2-81E5EA4CB14F}"
EndProject
Project("{FAE04EC0-301F-11D3-BF4B-00C04F79EFBC}") = "Lesson03.FrogJmp", "Lesson03.FrogJmp\Lesson03.FrogJmp.csproj", "{2841335D-4F25-4E22-9FAD-E048C2BE40E4}"
EndProject
Project("{FAE04EC0-301F-11D3-BF4B-00C04F79EFBC}") = "Lesson03.FrogJmp.Tests", "Lesson03.FrogJmp.Tests\Lesson03.FrogJmp.Tests.csproj", "{EAB6D59A-2FE4-46BF-99B4-60B8401FF7E6}"
EndProject
Project("{FAE04EC0-301F-11D3-BF4B-00C04F79EFBC}") = "Lesson03.PermMissingElem", "Lesson03.PermMissingElem\Lesson03.PermMissingElem.csproj", "{8F32B8A3-B364-4749-AD39-3BADDE346E9D}"
EndProject
Project("{FAE04EC0-301F-11D3-BF4B-00C04F79EFBC}") = "Lesson03.PermMissingElem.Tests", "Lesson03.PermMissingElem.Tests\Lesson03.PermMissingElem.Tests.csproj", "{E45129A4-9AE1-4AEE-B757-1CB84A189B16}"
EndProject
Project("{FAE04EC0-301F-11D3-BF4B-00C04F79EFBC}") = "Lesson03.TapeEquilibrium", "Lesson03.TapeEquilibrium\Lesson03.TapeEquilibrium.csproj", "{1294C96A-3806-41D5-8695-A37287A083E3}"
EndProject
Project("{FAE04EC0-301F-11D3-BF4B-00C04F79EFBC}") = "Lesson03.TapeEquilibrium.Tests", "Lesson03.TapeEquilibrium.Tests\Lesson03.TapeEquilibrium.Tests.csproj", "{2015C67B-D128-4719-9537-8635727ECC9B}"
EndProject
Global
	GlobalSection(SolutionConfigurationPlatforms) = preSolution
		Debug|Any CPU = Debug|Any CPU
		Release|Any CPU = Release|Any CPU
	EndGlobalSection
	GlobalSection(ProjectConfigurationPlatforms) = postSolution
		{971A5D65-7942-42DD-8CA1-19436A959C58}.Debug|Any CPU.ActiveCfg = Debug|Any CPU
		{971A5D65-7942-42DD-8CA1-19436A959C58}.Debug|Any CPU.Build.0 = Debug|Any CPU
		{971A5D65-7942-42DD-8CA1-19436A959C58}.Release|Any CPU.ActiveCfg = Release|Any CPU
		{971A5D65-7942-42DD-8CA1-19436A959C58}.Release|Any CPU.Build.0 = Release|Any CPU
		{88E45040-1AA1-4F48-BE0C-DAAE7D705B56}.Debug|Any CPU.ActiveCfg = Debug|Any CPU
		{88E45040-1AA1-4F48-BE0C-DAAE7D705B56}.Debug|Any CPU.Build.0 = Debug|Any CPU
		{88E45040-1AA1-4F48-BE0C-DAAE7D705B56}.Release|Any CPU.ActiveCfg = Release|Any CPU
		{88E45040-1AA1-4F48-BE0C-DAAE7D705B56}.Release|Any CPU.Build.0 = Release|Any CPU
		{59138701-6036-4E2C-B8DD-0896DF6D9A58}.Debug|Any CPU.ActiveCfg = Debug|Any CPU
		{59138701-6036-4E2C-B8DD-0896DF6D9A58}.Debug|Any CPU.Build.0 = Debug|Any CPU
		{59138701-6036-4E2C-B8DD-0896DF6D9A58}.Release|Any CPU.ActiveCfg = Release|Any CPU
		{59138701-6036-4E2C-B8DD-0896DF6D9A58}.Release|Any CPU.Build.0 = Release|Any CPU
		{3EC54067-B0A3-4A97-AD41-DC19C6F3A73C}.Debug|Any CPU.ActiveCfg = Debug|Any CPU
		{3EC54067-B0A3-4A97-AD41-DC19C6F3A73C}.Debug|Any CPU.Build.0 = Debug|Any CPU
		{3EC54067-B0A3-4A97-AD41-DC19C6F3A73C}.Release|Any CPU.ActiveCfg = Release|Any CPU
		{3EC54067-B0A3-4A97-AD41-DC19C6F3A73C}.Release|Any CPU.Build.0 = Release|Any CPU
		{4E302B48-6AEC-4691-A6FD-00C4772911CC}.Debug|Any CPU.ActiveCfg = Debug|Any CPU
		{4E302B48-6AEC-4691-A6FD-00C4772911CC}.Debug|Any CPU.Build.0 = Debug|Any CPU
		{4E302B48-6AEC-4691-A6FD-00C4772911CC}.Release|Any CPU.ActiveCfg = Release|Any CPU
		{4E302B48-6AEC-4691-A6FD-00C4772911CC}.Release|Any CPU.Build.0 = Release|Any CPU
		{D0629EAE-0543-4861-ADB2-81E5EA4CB14F}.Debug|Any CPU.ActiveCfg = Debug|Any CPU
		{D0629EAE-0543-4861-ADB2-81E5EA4CB14F}.Debug|Any CPU.Build.0 = Debug|Any CPU
		{D0629EAE-0543-4861-ADB2-81E5EA4CB14F}.Release|Any CPU.ActiveCfg = Release|Any CPU
		{D0629EAE-0543-4861-ADB2-81E5EA4CB14F}.Release|Any CPU.Build.0 = Release|Any CPU
		{2841335D-4F25-4E22-9FAD-E048C2BE40E4}.Debug|Any CPU.ActiveCfg = Debug|Any CPU
		{2841335D-4F25-4E22-9FAD-E048C2BE40E4}.Debug|Any CPU.Build.0 = Debug|Any CPU
		{2841335D-4F25-4E22-9FAD-E048C2BE40E4}.Release|Any CPU.ActiveCfg = Release|Any CPU
		{2841335D-4F25-4E22-9FAD-E048C2BE40E4}.Release|Any CPU.Build.0 = Release|Any CPU
		{EAB6D59A-2FE4-46BF-99B4-60B8401FF7E6}.Debug|Any CPU.ActiveCfg = Debug|Any CPU
		{EAB6D59A-2FE4-46BF-99B4-60B8401FF7E6}.Debug|Any CPU.Build.0 = Debug|Any CPU
		{EAB6D59A-2FE4-46BF-99B4-60B8401FF7E6}.Release|Any CPU.ActiveCfg = Release|Any CPU
		{EAB6D59A-2FE4-46BF-99B4-60B8401FF7E6}.Release|Any CPU.Build.0 = Release|Any CPU
		{8F32B8A3-B364-4749-AD39-3BADDE346E9D}.Debug|Any CPU.ActiveCfg = Debug|Any CPU
		{8F32B8A3-B364-4749-AD39-3BADDE346E9D}.Debug|Any CPU.Build.0 = Debug|Any CPU
		{8F32B8A3-B364-4749-AD39-3BADDE346E9D}.Release|Any CPU.ActiveCfg = Release|Any CPU
		{8F32B8A3-B364-4749-AD39-3BADDE346E9D}.Release|Any CPU.Build.0 = Release|Any CPU
		{E45129A4-9AE1-4AEE-B757-1CB84A189B16}.Debug|Any CPU.ActiveCfg = Debug|Any CPU
		{E45129A4-9AE1-4AEE-B757-1CB84A189B16}.Debug|Any CPU.Build.0 = Debug|Any CPU
		{E45129A4-9AE1-4AEE-B757-1CB84A189B16}.Release|Any CPU.ActiveCfg = Release|Any CPU
		{E45129A4-9AE1-4AEE-B757-1CB84A189B16}.Release|Any CPU.Build.0 = Release|Any CPU
		{1294C96A-3806-41D5-8695-A37287A083E3}.Debug|Any CPU.ActiveCfg = Debug|Any CPU
		{1294C96A-3806-41D5-8695-A37287A083E3}.Debug|Any CPU.Build.0 = Debug|Any CPU
		{1294C96A-3806-41D5-8695-A37287A083E3}.Release|Any CPU.ActiveCfg = Release|Any CPU
		{1294C96A-3806-41D5-8695-A37287A083E3}.Release|Any CPU.Build.0 = Release|Any CPU
		{2015C67B-D128-4719-9537-8635727ECC9B}.Debug|Any CPU.ActiveCfg = Debug|Any CPU
		{2015C67B-D128-4719-9537-8635727ECC9B}.Debug|Any CPU.Build.0 = Debug|Any CPU
		{2015C67B-D128-4719-9537-8635727ECC9B}.Release|Any CPU.ActiveCfg = Release|Any CPU
		{2015C67B-D128-4719-9537-8635727ECC9B}.Release|Any CPU.Build.0 = Release|Any CPU
	EndGlobalSection
EndGlobal
